
Microsoft Visual Studio Solution File, Format Version 12.00
Project("{FAE04EC0-301F-11D3-BF4B-00C04F79EFBC}") = "Dynamica.Shell", "Dynamica.Shell\Dynamica.Shell.csproj", "{70A10CF4-D964-4698-8DA2-276D31E0D5B8}"
EndProject
Project("{FAE04EC0-301F-11D3-BF4B-00C04F79EFBC}") = "Dynamica.Tests", "Dynamica.Tests\Dynamica.Tests.csproj", "{A7931A0D-772A-407E-9B15-487BC1749471}"
EndProject
Global
	GlobalSection(SolutionConfigurationPlatforms) = preSolution
		Debug|Any CPU = Debug|Any CPU
		Release|Any CPU = Release|Any CPU
	EndGlobalSection
	GlobalSection(ProjectConfigurationPlatforms) = postSolution
		{70A10CF4-D964-4698-8DA2-276D31E0D5B8}.Debug|Any CPU.ActiveCfg = Debug|Any CPU
		{70A10CF4-D964-4698-8DA2-276D31E0D5B8}.Debug|Any CPU.Build.0 = Debug|Any CPU
		{70A10CF4-D964-4698-8DA2-276D31E0D5B8}.Release|Any CPU.ActiveCfg = Release|Any CPU
		{70A10CF4-D964-4698-8DA2-276D31E0D5B8}.Release|Any CPU.Build.0 = Release|Any CPU
		{A7931A0D-772A-407E-9B15-487BC1749471}.Debug|Any CPU.ActiveCfg = Debug|Any CPU
		{A7931A0D-772A-407E-9B15-487BC1749471}.Debug|Any CPU.Build.0 = Debug|Any CPU
		{A7931A0D-772A-407E-9B15-487BC1749471}.Release|Any CPU.ActiveCfg = Release|Any CPU
		{A7931A0D-772A-407E-9B15-487BC1749471}.Release|Any CPU.Build.0 = Release|Any CPU
	EndGlobalSection
EndGlobal
